// !$*UTF8*$!
{
	archiveVersion = 1;
	classes = {
	};
	objectVersion = 56;
	objects = {

/* Begin PBXBuildFile section */
		81F830A52B31F87A00FED345 /* WeatherApp_NexgenDemoApp.swift in Sources */ = {isa = PBXBuildFile; fileRef = 81F830A42B31F87A00FED345 /* WeatherApp_NexgenDemoApp.swift */; };
		81F830A92B31F87C00FED345 /* Assets.xcassets in Resources */ = {isa = PBXBuildFile; fileRef = 81F830A82B31F87C00FED345 /* Assets.xcassets */; };
		81F830AC2B31F87C00FED345 /* Preview Assets.xcassets in Resources */ = {isa = PBXBuildFile; fileRef = 81F830AB2B31F87C00FED345 /* Preview Assets.xcassets */; };
		81F830B72B31F97D00FED345 /* WeatherService.swift in Sources */ = {isa = PBXBuildFile; fileRef = 81F830B62B31F97D00FED345 /* WeatherService.swift */; };
		81F830B92B31F9A300FED345 /* WeatherView.swift in Sources */ = {isa = PBXBuildFile; fileRef = 81F830B82B31F9A300FED345 /* WeatherView.swift */; };
		81F830BB2B31F9F700FED345 /* WeatherViewModel.swift in Sources */ = {isa = PBXBuildFile; fileRef = 81F830BA2B31F9F700FED345 /* WeatherViewModel.swift */; };
		81F830BD2B31FA3E00FED345 /* WeatherDataModel.swift in Sources */ = {isa = PBXBuildFile; fileRef = 81F830BC2B31FA3E00FED345 /* WeatherDataModel.swift */; };
		81F830BF2B32093D00FED345 /* TempratureView.swift in Sources */ = {isa = PBXBuildFile; fileRef = 81F830BE2B32093D00FED345 /* TempratureView.swift */; };
/* End PBXBuildFile section */

/* Begin PBXFileReference section */
		81F830A12B31F87A00FED345 /* WeatherApp_NexgenDemo.app */ = {isa = PBXFileReference; explicitFileType = wrapper.application; includeInIndex = 0; path = WeatherApp_NexgenDemo.app; sourceTree = BUILT_PRODUCTS_DIR; };
		81F830A42B31F87A00FED345 /* WeatherApp_NexgenDemoApp.swift */ = {isa = PBXFileReference; lastKnownFileType = sourcecode.swift; path = WeatherApp_NexgenDemoApp.swift; sourceTree = "<group>"; };
		81F830A82B31F87C00FED345 /* Assets.xcassets */ = {isa = PBXFileReference; lastKnownFileType = folder.assetcatalog; path = Assets.xcassets; sourceTree = "<group>"; };
		81F830AB2B31F87C00FED345 /* Preview Assets.xcassets */ = {isa = PBXFileReference; lastKnownFileType = folder.assetcatalog; path = "Preview Assets.xcassets"; sourceTree = "<group>"; };
		81F830B62B31F97D00FED345 /* WeatherService.swift */ = {isa = PBXFileReference; lastKnownFileType = sourcecode.swift; path = WeatherService.swift; sourceTree = "<group>"; };
		81F830B82B31F9A300FED345 /* WeatherView.swift */ = {isa = PBXFileReference; lastKnownFileType = sourcecode.swift; path = WeatherView.swift; sourceTree = "<group>"; };
		81F830BA2B31F9F700FED345 /* WeatherViewModel.swift */ = {isa = PBXFileReference; lastKnownFileType = sourcecode.swift; path = WeatherViewModel.swift; sourceTree = "<group>"; };
		81F830BC2B31FA3E00FED345 /* WeatherDataModel.swift */ = {isa = PBXFileReference; lastKnownFileType = sourcecode.swift; path = WeatherDataModel.swift; sourceTree = "<group>"; };
		81F830BE2B32093D00FED345 /* TempratureView.swift */ = {isa = PBXFileReference; lastKnownFileType = sourcecode.swift; path = TempratureView.swift; sourceTree = "<group>"; };
/* End PBXFileReference section */

/* Begin PBXFrameworksBuildPhase section */
		81F8309E2B31F87A00FED345 /* Frameworks */ = {
			isa = PBXFrameworksBuildPhase;
			buildActionMask = 2147483647;
			files = (
			);
			runOnlyForDeploymentPostprocessing = 0;
		};
/* End PBXFrameworksBuildPhase section */

/* Begin PBXGroup section */
		81F830982B31F87A00FED345 = {
			isa = PBXGroup;
			children = (
				81F830A32B31F87A00FED345 /* WeatherApp_NexgenDemo */,
				81F830A22B31F87A00FED345 /* Products */,
			);
			sourceTree = "<group>";
		};
		81F830A22B31F87A00FED345 /* Products */ = {
			isa = PBXGroup;
			children = (
				81F830A12B31F87A00FED345 /* WeatherApp_NexgenDemo.app */,
			);
			name = Products;
			sourceTree = "<group>";
		};
		81F830A32B31F87A00FED345 /* WeatherApp_NexgenDemo */ = {
			isa = PBXGroup;
			children = (
				81F830B52B31F8C400FED345 /* WeatherServices */,
				81F830B42B31F8B300FED345 /* Views */,
				81F830B32B31F89E00FED345 /* Model */,
				81F830B22B31F88C00FED345 /* ViewModel */,
				81F830A42B31F87A00FED345 /* WeatherApp_NexgenDemoApp.swift */,
				81F830A82B31F87C00FED345 /* Assets.xcassets */,
				81F830AA2B31F87C00FED345 /* Preview Content */,
			);
			path = WeatherApp_NexgenDemo;
			sourceTree = "<group>";
		};
		81F830AA2B31F87C00FED345 /* Preview Content */ = {
			isa = PBXGroup;
			children = (
				81F830AB2B31F87C00FED345 /* Preview Assets.xcassets */,
			);
			path = "Preview Content";
			sourceTree = "<group>";
		};
		81F830B22B31F88C00FED345 /* ViewModel */ = {
			isa = PBXGroup;
			children = (
				81F830BA2B31F9F700FED345 /* WeatherViewModel.swift */,
			);
			path = ViewModel;
			sourceTree = "<group>";
		};
		81F830B32B31F89E00FED345 /* Model */ = {
			isa = PBXGroup;
			children = (
				81F830BC2B31FA3E00FED345 /* WeatherDataModel.swift */,
			);
			path = Model;
			sourceTree = "<group>";
		};
		81F830B42B31F8B300FED345 /* Views */ = {
			isa = PBXGroup;
			children = (
				81F830B82B31F9A300FED345 /* WeatherView.swift */,
				81F830BE2B32093D00FED345 /* TempratureView.swift */,
			);
			path = Views;
			sourceTree = "<group>";
		};
		81F830B52B31F8C400FED345 /* WeatherServices */ = {
			isa = PBXGroup;
			children = (
				81F830B62B31F97D00FED345 /* WeatherService.swift */,
			);
			path = WeatherServices;
			sourceTree = "<group>";
		};
/* End PBXGroup section */

/* Begin PBXNativeTarget section */
		81F830A02B31F87A00FED345 /* WeatherApp_NexgenDemo */ = {
			isa = PBXNativeTarget;
			buildConfigurationList = 81F830AF2B31F87C00FED345 /* Build configuration list for PBXNativeTarget "WeatherApp_NexgenDemo" */;
			buildPhases = (
				81F8309D2B31F87A00FED345 /* Sources */,
				81F8309E2B31F87A00FED345 /* Frameworks */,
				81F8309F2B31F87A00FED345 /* Resources */,
			);
			buildRules = (
			);
			dependencies = (
			);
			name = WeatherApp_NexgenDemo;
			productName = WeatherApp_NexgenDemo;
			productReference = 81F830A12B31F87A00FED345 /* WeatherApp_NexgenDemo.app */;
			productType = "com.apple.product-type.application";
		};
/* End PBXNativeTarget section */

/* Begin PBXProject section */
		81F830992B31F87A00FED345 /* Project object */ = {
			isa = PBXProject;
			attributes = {
				BuildIndependentTargetsInParallel = 1;
				LastSwiftUpdateCheck = 1420;
				LastUpgradeCheck = 1420;
				TargetAttributes = {
					81F830A02B31F87A00FED345 = {
						CreatedOnToolsVersion = 14.2;
					};
				};
			};
			buildConfigurationList = 81F8309C2B31F87A00FED345 /* Build configuration list for PBXProject "WeatherApp_NexgenDemo" */;
			compatibilityVersion = "Xcode 14.0";
			developmentRegion = en;
			hasScannedForEncodings = 0;
			knownRegions = (
				en,
				Base,
			);
			mainGroup = 81F830982B31F87A00FED345;
			productRefGroup = 81F830A22B31F87A00FED345 /* Products */;
			projectDirPath = "";
			projectRoot = "";
			targets = (
				81F830A02B31F87A00FED345 /* WeatherApp_NexgenDemo */,
			);
		};
/* End PBXProject section */

/* Begin PBXResourcesBuildPhase section */
		81F8309F2B31F87A00FED345 /* Resources */ = {
			isa = PBXResourcesBuildPhase;
			buildActionMask = 2147483647;
			files = (
				81F830AC2B31F87C00FED345 /* Preview Assets.xcassets in Resources */,
				81F830A92B31F87C00FED345 /* Assets.xcassets in Resources */,
			);
			runOnlyForDeploymentPostprocessing = 0;
		};
/* End PBXResourcesBuildPhase section */

/* Begin PBXSourcesBuildPhase section */
		81F8309D2B31F87A00FED345 /* Sources */ = {
			isa = PBXSourcesBuildPhase;
			buildActionMask = 2147483647;
			files = (
				81F830BB2B31F9F700FED345 /* WeatherViewModel.swift in Sources */,
				81F830BD2B31FA3E00FED345 /* WeatherDataModel.swift in Sources */,
				81F830B72B31F97D00FED345 /* WeatherService.swift in Sources */,
				81F830BF2B32093D00FED345 /* TempratureView.swift in Sources */,
				81F830A52B31F87A00FED345 /* WeatherApp_NexgenDemoApp.swift in Sources */,
				81F830B92B31F9A300FED345 /* WeatherView.swift in Sources */,
			);
			runOnlyForDeploymentPostprocessing = 0;
		};
/* End PBXSourcesBuildPhase section */

/* Begin XCBuildConfiguration section */
		81F830AD2B31F87C00FED345 /* Debug */ = {
			isa = XCBuildConfiguration;
			buildSettings = {
				ALWAYS_SEARCH_USER_PATHS = NO;
				CLANG_ANALYZER_NONNULL = YES;
				CLANG_ANALYZER_NUMBER_OBJECT_CONVERSION = YES_AGGRESSIVE;
				CLANG_CXX_LANGUAGE_STANDARD = "gnu++20";
				CLANG_ENABLE_MODULES = YES;
				CLANG_ENABLE_OBJC_ARC = YES;
				CLANG_ENABLE_OBJC_WEAK = YES;
				CLANG_WARN_BLOCK_CAPTURE_AUTORELEASING = YES;
				CLANG_WARN_BOOL_CONVERSION = YES;
				CLANG_WARN_COMMA = YES;
				CLANG_WARN_CONSTANT_CONVERSION = YES;
				CLANG_WARN_DEPRECATED_OBJC_IMPLEMENTATIONS = YES;
				CLANG_WARN_DIRECT_OBJC_ISA_USAGE = YES_ERROR;
				CLANG_WARN_DOCUMENTATION_COMMENTS = YES;
				CLANG_WARN_EMPTY_BODY = YES;
				CLANG_WARN_ENUM_CONVERSION = YES;
				CLANG_WARN_INFINITE_RECURSION = YES;
				CLANG_WARN_INT_CONVERSION = YES;
				CLANG_WARN_NON_LITERAL_NULL_CONVERSION = YES;
				CLANG_WARN_OBJC_IMPLICIT_RETAIN_SELF = YES;
				CLANG_WARN_OBJC_LITERAL_CONVERSION = YES;
				CLANG_WARN_OBJC_ROOT_CLASS = YES_ERROR;
				CLANG_WARN_QUOTED_INCLUDE_IN_FRAMEWORK_HEADER = YES;
				CLANG_WARN_RANGE_LOOP_ANALYSIS = YES;
				CLANG_WARN_STRICT_PROTOTYPES = YES;
				CLANG_WARN_SUSPICIOUS_MOVE = YES;
				CLANG_WARN_UNGUARDED_AVAILABILITY = YES_AGGRESSIVE;
				CLANG_WARN_UNREACHABLE_CODE = YES;
				CLANG_WARN__DUPLICATE_METHOD_MATCH = YES;
				COPY_PHASE_STRIP = NO;
				DEBUG_INFORMATION_FORMAT = dwarf;
				ENABLE_STRICT_OBJC_MSGSEND = YES;
				ENABLE_TESTABILITY = YES;
				GCC_C_LANGUAGE_STANDARD = gnu11;
				GCC_DYNAMIC_NO_PIC = NO;
				GCC_NO_COMMON_BLOCKS = YES;
				GCC_OPTIMIZATION_LEVEL = 0;
				GCC_PREPROCESSOR_DEFINITIONS = (
					"DEBUG=1",
					"$(inherited)",
				);
				GCC_WARN_64_TO_32_BIT_CONVERSION = YES;
				GCC_WARN_ABOUT_RETURN_TYPE = YES_ERROR;
				GCC_WARN_UNDECLARED_SELECTOR = YES;
				GCC_WARN_UNINITIALIZED_AUTOS = YES_AGGRESSIVE;
				GCC_WARN_UNUSED_FUNCTION = YES;
				GCC_WARN_UNUSED_VARIABLE = YES;
				IPHONEOS_DEPLOYMENT_TARGET = 16.2;
				MTL_ENABLE_DEBUG_INFO = INCLUDE_SOURCE;
				MTL_FAST_MATH = YES;
				ONLY_ACTIVE_ARCH = YES;
				SDKROOT = iphoneos;
				SWIFT_ACTIVE_COMPILATION_CONDITIONS = DEBUG;
				SWIFT_OPTIMIZATION_LEVEL = "-Onone";
			};
			name = Debug;
		};
		81F830AE2B31F87C00FED345 /* Release */ = {
			isa = XCBuildConfiguration;
			buildSettings = {
				ALWAYS_SEARCH_USER_PATHS = NO;
				CLANG_ANALYZER_NONNULL = YES;
				CLANG_ANALYZER_NUMBER_OBJECT_CONVERSION = YES_AGGRESSIVE;
				CLANG_CXX_LANGUAGE_STANDARD = "gnu++20";
				CLANG_ENABLE_MODULES = YES;
				CLANG_ENABLE_OBJC_ARC = YES;
				CLANG_ENABLE_OBJC_WEAK = YES;
				CLANG_WARN_BLOCK_CAPTURE_AUTORELEASING = YES;
				CLANG_WARN_BOOL_CONVERSION = YES;
				CLANG_WARN_COMMA = YES;
				CLANG_WARN_CONSTANT_CONVERSION = YES;
				CLANG_WARN_DEPRECATED_OBJC_IMPLEMENTATIONS = YES;
				CLANG_WARN_DIRECT_OBJC_ISA_USAGE = YES_ERROR;
				CLANG_WARN_DOCUMENTATION_COMMENTS = YES;
				CLANG_WARN_EMPTY_BODY = YES;
				CLANG_WARN_ENUM_CONVERSION = YES;
				CLANG_WARN_INFINITE_RECURSION = YES;
				CLANG_WARN_INT_CONVERSION = YES;
				CLANG_WARN_NON_LITERAL_NULL_CONVERSION = YES;
				CLANG_WARN_OBJC_IMPLICIT_RETAIN_SELF = YES;
				CLANG_WARN_OBJC_LITERAL_CONVERSION = YES;
				CLANG_WARN_OBJC_ROOT_CLASS = YES_ERROR;
				CLANG_WARN_QUOTED_INCLUDE_IN_FRAMEWORK_HEADER = YES;
				CLANG_WARN_RANGE_LOOP_ANALYSIS = YES;
				CLANG_WARN_STRICT_PROTOTYPES = YES;
				CLANG_WARN_SUSPICIOUS_MOVE = YES;
				CLANG_WARN_UNGUARDED_AVAILABILITY = YES_AGGRESSIVE;
				CLANG_WARN_UNREACHABLE_CODE = YES;
				CLANG_WARN__DUPLICATE_METHOD_MATCH = YES;
				COPY_PHASE_STRIP = NO;
				DEBUG_INFORMATION_FORMAT = "dwarf-with-dsym";
				ENABLE_NS_ASSERTIONS = NO;
				ENABLE_STRICT_OBJC_MSGSEND = YES;
				GCC_C_LANGUAGE_STANDARD = gnu11;
				GCC_NO_COMMON_BLOCKS = YES;
				GCC_WARN_64_TO_32_BIT_CONVERSION = YES;
				GCC_WARN_ABOUT_RETURN_TYPE = YES_ERROR;
				GCC_WARN_UNDECLARED_SELECTOR = YES;
				GCC_WARN_UNINITIALIZED_AUTOS = YES_AGGRESSIVE;
				GCC_WARN_UNUSED_FUNCTION = YES;
				GCC_WARN_UNUSED_VARIABLE = YES;
				IPHONEOS_DEPLOYMENT_TARGET = 16.2;
				MTL_ENABLE_DEBUG_INFO = NO;
				MTL_FAST_MATH = YES;
				SDKROOT = iphoneos;
				SWIFT_COMPILATION_MODE = wholemodule;
				SWIFT_OPTIMIZATION_LEVEL = "-O";
				VALIDATE_PRODUCT = YES;
			};
			name = Release;
		};
		81F830B02B31F87C00FED345 /* Debug */ = {
			isa = XCBuildConfiguration;
			buildSettings = {
				ASSETCATALOG_COMPILER_APPICON_NAME = AppIcon;
				ASSETCATALOG_COMPILER_GLOBAL_ACCENT_COLOR_NAME = AccentColor;
				CODE_SIGN_STYLE = Automatic;
				CURRENT_PROJECT_VERSION = 1;
				DEVELOPMENT_ASSET_PATHS = "\"WeatherApp_NexgenDemo/Preview Content\"";
				ENABLE_PREVIEWS = YES;
				GENERATE_INFOPLIST_FILE = YES;
				INFOPLIST_KEY_UIApplicationSceneManifest_Generation = YES;
				INFOPLIST_KEY_UIApplicationSupportsIndirectInputEvents = YES;
				INFOPLIST_KEY_UILaunchScreen_Generation = YES;
				INFOPLIST_KEY_UISupportedInterfaceOrientations_iPad = "UIInterfaceOrientationPortrait UIInterfaceOrientationPortraitUpsideDown UIInterfaceOrientationLandscapeLeft UIInterfaceOrientationLandscapeRight";
				INFOPLIST_KEY_UISupportedInterfaceOrientations_iPhone = "UIInterfaceOrientationPortrait UIInterfaceOrientationLandscapeLeft UIInterfaceOrientationLandscapeRight";
				LD_RUNPATH_SEARCH_PATHS = (
					"$(inherited)",
					"@executable_path/Frameworks",
				);
				MARKETING_VERSION = 1.0;
				PRODUCT_BUNDLE_IDENTIFIER = "Personal.WeatherApp-NexgenDemo";
				PRODUCT_NAME = "$(TARGET_NAME)";
				SWIFT_EMIT_LOC_STRINGS = YES;
				SWIFT_VERSION = 5.0;
				TARGETED_DEVICE_FAMILY = "1,2";
			};
			name = Debug;
		};
		81F830B12B31F87C00FED345 /* Release */ = {
			isa = XCBuildConfiguration;
			buildSettings = {
				ASSETCATALOG_COMPILER_APPICON_NAME = AppIcon;
				ASSETCATALOG_COMPILER_GLOBAL_ACCENT_COLOR_NAME = AccentColor;
				CODE_SIGN_STYLE = Automatic;
				CURRENT_PROJECT_VERSION = 1;
				DEVELOPMENT_ASSET_PATHS = "\"WeatherApp_NexgenDemo/Preview Content\"";
				ENABLE_PREVIEWS = YES;
				GENERATE_INFOPLIST_FILE = YES;
				INFOPLIST_KEY_UIApplicationSceneManifest_Generation = YES;
				INFOPLIST_KEY_UIApplicationSupportsIndirectInputEvents = YES;
				INFOPLIST_KEY_UILaunchScreen_Generation = YES;
				INFOPLIST_KEY_UISupportedInterfaceOrientations_iPad = "UIInterfaceOrientationPortrait UIInterfaceOrientationPortraitUpsideDown UIInterfaceOrientationLandscapeLeft UIInterfaceOrientationLandscapeRight";
				INFOPLIST_KEY_UISupportedInterfaceOrientations_iPhone = "UIInterfaceOrientationPortrait UIInterfaceOrientationLandscapeLeft UIInterfaceOrientationLandscapeRight";
				LD_RUNPATH_SEARCH_PATHS = (
					"$(inherited)",
					"@executable_path/Frameworks",
				);
				MARKETING_VERSION = 1.0;
				PRODUCT_BUNDLE_IDENTIFIER = "Personal.WeatherApp-NexgenDemo";
				PRODUCT_NAME = "$(TARGET_NAME)";
				SWIFT_EMIT_LOC_STRINGS = YES;
				SWIFT_VERSION = 5.0;
				TARGETED_DEVICE_FAMILY = "1,2";
			};
			name = Release;
		};
/* End XCBuildConfiguration section */

/* Begin XCConfigurationList section */
		81F8309C2B31F87A00FED345 /* Build configuration list for PBXProject "WeatherApp_NexgenDemo" */ = {
			isa = XCConfigurationList;
			buildConfigurations = (
				81F830AD2B31F87C00FED345 /* Debug */,
				81F830AE2B31F87C00FED345 /* Release */,
			);
			defaultConfigurationIsVisible = 0;
			defaultConfigurationName = Release;
		};
		81F830AF2B31F87C00FED345 /* Build configuration list for PBXNativeTarget "WeatherApp_NexgenDemo" */ = {
			isa = XCConfigurationList;
			buildConfigurations = (
				81F830B02B31F87C00FED345 /* Debug */,
				81F830B12B31F87C00FED345 /* Release */,
			);
			defaultConfigurationIsVisible = 0;
			defaultConfigurationName = Release;
		};
/* End XCConfigurationList section */
	};
	rootObject = 81F830992B31F87A00FED345 /* Project object */;
}
